// !$*UTF8*$!
{
	archiveVersion = 1;
	classes = {
	};
	objectVersion = 46;
	objects = {

/* Begin PBXBuildFile section */
		65DCA1BD1C4AB73400979B90 /* AppDelegate.swift in Sources */ = {isa = PBXBuildFile; fileRef = 65DCA1BC1C4AB73400979B90 /* AppDelegate.swift */; };
		65DCA1BF1C4AB73400979B90 /* ViewController.swift in Sources */ = {isa = PBXBuildFile; fileRef = 65DCA1BE1C4AB73400979B90 /* ViewController.swift */; };
		65DCA1C21C4AB73400979B90 /* Main.storyboard in Resources */ = {isa = PBXBuildFile; fileRef = 65DCA1C01C4AB73400979B90 /* Main.storyboard */; };
		65DCA1C41C4AB73400979B90 /* Assets.xcassets in Resources */ = {isa = PBXBuildFile; fileRef = 65DCA1C31C4AB73400979B90 /* Assets.xcassets */; };
		65DCA1C71C4AB73400979B90 /* LaunchScreen.storyboard in Resources */ = {isa = PBXBuildFile; fileRef = 65DCA1C51C4AB73400979B90 /* LaunchScreen.storyboard */; };
		65DCA1D31C4AB79500979B90 /* PPParticleButton.swift in Sources */ = {isa = PBXBuildFile; fileRef = 65DCA1D21C4AB79500979B90 /* PPParticleButton.swift */; };
		65DCA1DA1C4AB86800979B90 /* heart.png in Resources */ = {isa = PBXBuildFile; fileRef = 65DCA1D51C4AB86800979B90 /* heart.png */; };
		65DCA1DB1C4AB86800979B90 /* HeartParticle.sks in Resources */ = {isa = PBXBuildFile; fileRef = 65DCA1D61C4AB86800979B90 /* HeartParticle.sks */; };
		65DCA1DC1C4AB86800979B90 /* star.png in Resources */ = {isa = PBXBuildFile; fileRef = 65DCA1D81C4AB86800979B90 /* star.png */; };
		65DCA1DD1C4AB86800979B90 /* StarParticle.sks in Resources */ = {isa = PBXBuildFile; fileRef = 65DCA1D91C4AB86800979B90 /* StarParticle.sks */; };
/* End PBXBuildFile section */

/* Begin PBXFileReference section */
		65DCA1B91C4AB73400979B90 /* PPParticleButtonExample.app */ = {isa = PBXFileReference; explicitFileType = wrapper.application; includeInIndex = 0; path = PPParticleButtonExample.app; sourceTree = BUILT_PRODUCTS_DIR; };
		65DCA1BC1C4AB73400979B90 /* AppDelegate.swift */ = {isa = PBXFileReference; lastKnownFileType = sourcecode.swift; path = AppDelegate.swift; sourceTree = "<group>"; };
		65DCA1BE1C4AB73400979B90 /* ViewController.swift */ = {isa = PBXFileReference; lastKnownFileType = sourcecode.swift; path = ViewController.swift; sourceTree = "<group>"; };
		65DCA1C11C4AB73400979B90 /* Base */ = {isa = PBXFileReference; lastKnownFileType = file.storyboard; name = Base; path = Base.lproj/Main.storyboard; sourceTree = "<group>"; };
		65DCA1C31C4AB73400979B90 /* Assets.xcassets */ = {isa = PBXFileReference; lastKnownFileType = folder.assetcatalog; path = Assets.xcassets; sourceTree = "<group>"; };
		65DCA1C61C4AB73400979B90 /* Base */ = {isa = PBXFileReference; lastKnownFileType = file.storyboard; name = Base; path = Base.lproj/LaunchScreen.storyboard; sourceTree = "<group>"; };
		65DCA1C81C4AB73400979B90 /* Info.plist */ = {isa = PBXFileReference; lastKnownFileType = text.plist.xml; path = Info.plist; sourceTree = "<group>"; };
		65DCA1D21C4AB79500979B90 /* PPParticleButton.swift */ = {isa = PBXFileReference; fileEncoding = 4; lastKnownFileType = sourcecode.swift; path = PPParticleButton.swift; sourceTree = "<group>"; };
		65DCA1D51C4AB86800979B90 /* heart.png */ = {isa = PBXFileReference; lastKnownFileType = image.png; path = heart.png; sourceTree = "<group>"; };
		65DCA1D61C4AB86800979B90 /* HeartParticle.sks */ = {isa = PBXFileReference; lastKnownFileType = file.sks; path = HeartParticle.sks; sourceTree = "<group>"; };
		65DCA1D81C4AB86800979B90 /* star.png */ = {isa = PBXFileReference; lastKnownFileType = image.png; path = star.png; sourceTree = "<group>"; };
		65DCA1D91C4AB86800979B90 /* StarParticle.sks */ = {isa = PBXFileReference; lastKnownFileType = file.sks; path = StarParticle.sks; sourceTree = "<group>"; };
/* End PBXFileReference section */

/* Begin PBXFrameworksBuildPhase section */
		65DCA1B61C4AB73400979B90 /* Frameworks */ = {
			isa = PBXFrameworksBuildPhase;
			buildActionMask = 2147483647;
			files = (
			);
			runOnlyForDeploymentPostprocessing = 0;
		};
/* End PBXFrameworksBuildPhase section */

/* Begin PBXGroup section */
		65DCA1B01C4AB73400979B90 = {
			isa = PBXGroup;
			children = (
				65DCA1D11C4AB79500979B90 /* PPParticleButton */,
				65DCA1BB1C4AB73400979B90 /* PPParticleButtonExample */,
				65DCA1BA1C4AB73400979B90 /* Products */,
			);
			sourceTree = "<group>";
		};
		65DCA1BA1C4AB73400979B90 /* Products */ = {
			isa = PBXGroup;
			children = (
				65DCA1B91C4AB73400979B90 /* PPParticleButtonExample.app */,
			);
			name = Products;
			sourceTree = "<group>";
		};
		65DCA1BB1C4AB73400979B90 /* PPParticleButtonExample */ = {
			isa = PBXGroup;
			children = (
				65DCA1D41C4AB86800979B90 /* Heart */,
				65DCA1D71C4AB86800979B90 /* Star */,
				65DCA1BC1C4AB73400979B90 /* AppDelegate.swift */,
				65DCA1BE1C4AB73400979B90 /* ViewController.swift */,
				65DCA1C01C4AB73400979B90 /* Main.storyboard */,
				65DCA1C31C4AB73400979B90 /* Assets.xcassets */,
				65DCA1C51C4AB73400979B90 /* LaunchScreen.storyboard */,
				65DCA1C81C4AB73400979B90 /* Info.plist */,
			);
			path = PPParticleButtonExample;
			sourceTree = "<group>";
		};
		65DCA1D11C4AB79500979B90 /* PPParticleButton */ = {
			isa = PBXGroup;
			children = (
				65DCA1D21C4AB79500979B90 /* PPParticleButton.swift */,
			);
			path = PPParticleButton;
			sourceTree = "<group>";
		};
		65DCA1D41C4AB86800979B90 /* Heart */ = {
			isa = PBXGroup;
			children = (
				65DCA1D51C4AB86800979B90 /* heart.png */,
				65DCA1D61C4AB86800979B90 /* HeartParticle.sks */,
			);
			path = Heart;
			sourceTree = "<group>";
		};
		65DCA1D71C4AB86800979B90 /* Star */ = {
			isa = PBXGroup;
			children = (
				65DCA1D81C4AB86800979B90 /* star.png */,
				65DCA1D91C4AB86800979B90 /* StarParticle.sks */,
			);
			path = Star;
			sourceTree = "<group>";
		};
/* End PBXGroup section */

/* Begin PBXNativeTarget section */
		65DCA1B81C4AB73400979B90 /* PPParticleButtonExample */ = {
			isa = PBXNativeTarget;
			buildConfigurationList = 65DCA1CB1C4AB73400979B90 /* Build configuration list for PBXNativeTarget "PPParticleButtonExample" */;
			buildPhases = (
				65DCA1B51C4AB73400979B90 /* Sources */,
				65DCA1B61C4AB73400979B90 /* Frameworks */,
				65DCA1B71C4AB73400979B90 /* Resources */,
			);
			buildRules = (
			);
			dependencies = (
			);
			name = PPParticleButtonExample;
			productName = PPParticleButtonExample;
			productReference = 65DCA1B91C4AB73400979B90 /* PPParticleButtonExample.app */;
			productType = "com.apple.product-type.application";
		};
/* End PBXNativeTarget section */

/* Begin PBXProject section */
		65DCA1B11C4AB73400979B90 /* Project object */ = {
			isa = PBXProject;
			attributes = {
				LastSwiftUpdateCheck = 0720;
				LastUpgradeCheck = 0720;
				ORGANIZATIONNAME = HikaruSato;
				TargetAttributes = {
					65DCA1B81C4AB73400979B90 = {
						CreatedOnToolsVersion = 7.2;
					};
				};
			};
			buildConfigurationList = 65DCA1B41C4AB73400979B90 /* Build configuration list for PBXProject "PPParticleButtonExample" */;
			compatibilityVersion = "Xcode 3.2";
			developmentRegion = English;
			hasScannedForEncodings = 0;
			knownRegions = (
				en,
				Base,
			);
			mainGroup = 65DCA1B01C4AB73400979B90;
			productRefGroup = 65DCA1BA1C4AB73400979B90 /* Products */;
			projectDirPath = "";
			projectRoot = "";
			targets = (
				65DCA1B81C4AB73400979B90 /* PPParticleButtonExample */,
			);
		};
/* End PBXProject section */

/* Begin PBXResourcesBuildPhase section */
		65DCA1B71C4AB73400979B90 /* Resources */ = {
			isa = PBXResourcesBuildPhase;
			buildActionMask = 2147483647;
			files = (
				65DCA1DB1C4AB86800979B90 /* HeartParticle.sks in Resources */,
				65DCA1DD1C4AB86800979B90 /* StarParticle.sks in Resources */,
				65DCA1DA1C4AB86800979B90 /* heart.png in Resources */,
				65DCA1C71C4AB73400979B90 /* LaunchScreen.storyboard in Resources */,
				65DCA1C41C4AB73400979B90 /* Assets.xcassets in Resources */,
				65DCA1C21C4AB73400979B90 /* Main.storyboard in Resources */,
				65DCA1DC1C4AB86800979B90 /* star.png in Resources */,
			);
			runOnlyForDeploymentPostprocessing = 0;
		};
/* End PBXResourcesBuildPhase section */

/* Begin PBXSourcesBuildPhase section */
		65DCA1B51C4AB73400979B90 /* Sources */ = {
			isa = PBXSourcesBuildPhase;
			buildActionMask = 2147483647;
			files = (
				65DCA1BF1C4AB73400979B90 /* ViewController.swift in Sources */,
				65DCA1BD1C4AB73400979B90 /* AppDelegate.swift in Sources */,
				65DCA1D31C4AB79500979B90 /* PPParticleButton.swift in Sources */,
			);
			runOnlyForDeploymentPostprocessing = 0;
		};
/* End PBXSourcesBuildPhase section */

/* Begin PBXVariantGroup section */
		65DCA1C01C4AB73400979B90 /* Main.storyboard */ = {
			isa = PBXVariantGroup;
			children = (
				65DCA1C11C4AB73400979B90 /* Base */,
			);
			name = Main.storyboard;
			sourceTree = "<group>";
		};
		65DCA1C51C4AB73400979B90 /* LaunchScreen.storyboard */ = {
			isa = PBXVariantGroup;
			children = (
				65DCA1C61C4AB73400979B90 /* Base */,
			);
			name = LaunchScreen.storyboard;
			sourceTree = "<group>";
		};
/* End PBXVariantGroup section */

/* Begin XCBuildConfiguration section */
		65DCA1C91C4AB73400979B90 /* Debug */ = {
			isa = XCBuildConfiguration;
			buildSettings = {
				ALWAYS_SEARCH_USER_PATHS = NO;
				CLANG_CXX_LANGUAGE_STANDARD = "gnu++0x";
				CLANG_CXX_LIBRARY = "libc++";
				CLANG_ENABLE_MODULES = YES;
				CLANG_ENABLE_OBJC_ARC = YES;
				CLANG_WARN_BOOL_CONVERSION = YES;
				CLANG_WARN_CONSTANT_CONVERSION = YES;
				CLANG_WARN_DIRECT_OBJC_ISA_USAGE = YES_ERROR;
				CLANG_WARN_EMPTY_BODY = YES;
				CLANG_WARN_ENUM_CONVERSION = YES;
				CLANG_WARN_INT_CONVERSION = YES;
				CLANG_WARN_OBJC_ROOT_CLASS = YES_ERROR;
				CLANG_WARN_UNREACHABLE_CODE = YES;
				CLANG_WARN__DUPLICATE_METHOD_MATCH = YES;
				"CODE_SIGN_IDENTITY[sdk=iphoneos*]" = "iPhone Developer";
				COPY_PHASE_STRIP = NO;
				DEBUG_INFORMATION_FORMAT = dwarf;
				ENABLE_STRICT_OBJC_MSGSEND = YES;
				ENABLE_TESTABILITY = YES;
				GCC_C_LANGUAGE_STANDARD = gnu99;
				GCC_DYNAMIC_NO_PIC = NO;
				GCC_NO_COMMON_BLOCKS = YES;
				GCC_OPTIMIZATION_LEVEL = 0;
				GCC_PREPROCESSOR_DEFINITIONS = (
					"DEBUG=1",
					"$(inherited)",
				);
				GCC_WARN_64_TO_32_BIT_CONVERSION = YES;
				GCC_WARN_ABOUT_RETURN_TYPE = YES_ERROR;
				GCC_WARN_UNDECLARED_SELECTOR = YES;
				GCC_WARN_UNINITIALIZED_AUTOS = YES_AGGRESSIVE;
				GCC_WARN_UNUSED_FUNCTION = YES;
				GCC_WARN_UNUSED_VARIABLE = YES;
				IPHONEOS_DEPLOYMENT_TARGET = 9.2;
				MTL_ENABLE_DEBUG_INFO = YES;
				ONLY_ACTIVE_ARCH = YES;
				SDKROOT = iphoneos;
				SWIFT_OPTIMIZATION_LEVEL = "-Onone";
			};
			name = Debug;
		};
		65DCA1CA1C4AB73400979B90 /* Release */ = {
			isa = XCBuildConfiguration;
			buildSettings = {
				ALWAYS_SEARCH_USER_PATHS = NO;
				CLANG_CXX_LANGUAGE_STANDARD = "gnu++0x";
				CLANG_CXX_LIBRARY = "libc++";
				CLANG_ENABLE_MODULES = YES;
				CLANG_ENABLE_OBJC_ARC = YES;
				CLANG_WARN_BOOL_CONVERSION = YES;
				CLANG_WARN_CONSTANT_CONVERSION = YES;
				CLANG_WARN_DIRECT_OBJC_ISA_USAGE = YES_ERROR;
				CLANG_WARN_EMPTY_BODY = YES;
				CLANG_WARN_ENUM_CONVERSION = YES;
				CLANG_WARN_INT_CONVERSION = YES;
				CLANG_WARN_OBJC_ROOT_CLASS = YES_ERROR;
				CLANG_WARN_UNREACHABLE_CODE = YES;
				CLANG_WARN__DUPLICATE_METHOD_MATCH = YES;
				"CODE_SIGN_IDENTITY[sdk=iphoneos*]" = "iPhone Developer";
				COPY_PHASE_STRIP = NO;
				DEBUG_INFORMATION_FORMAT = "dwarf-with-dsym";
				ENABLE_NS_ASSERTIONS = NO;
				ENABLE_STRICT_OBJC_MSGSEND = YES;
				GCC_C_LANGUAGE_STANDARD = gnu99;
				GCC_NO_COMMON_BLOCKS = YES;
				GCC_WARN_64_TO_32_BIT_CONVERSION = YES;
				GCC_WARN_ABOUT_RETURN_TYPE = YES_ERROR;
				GCC_WARN_UNDECLARED_SELECTOR = YES;
				GCC_WARN_UNINITIALIZED_AUTOS = YES_AGGRESSIVE;
				GCC_WARN_UNUSED_FUNCTION = YES;
				GCC_WARN_UNUSED_VARIABLE = YES;
				IPHONEOS_DEPLOYMENT_TARGET = 9.2;
				MTL_ENABLE_DEBUG_INFO = NO;
				SDKROOT = iphoneos;
				VALIDATE_PRODUCT = YES;
			};
			name = Release;
		};
		65DCA1CC1C4AB73400979B90 /* Debug */ = {
			isa = XCBuildConfiguration;
			buildSettings = {
				ASSETCATALOG_COMPILER_APPICON_NAME = AppIcon;
				INFOPLIST_FILE = PPParticleButtonExample/Info.plist;
				IPHONEOS_DEPLOYMENT_TARGET = 8.0;
				LD_RUNPATH_SEARCH_PATHS = "$(inherited) @executable_path/Frameworks";
				PRODUCT_BUNDLE_IDENTIFIER = com.HikaruSato.example.PPParticleButtonExample;
				PRODUCT_NAME = "$(TARGET_NAME)";
			};
			name = Debug;
		};
		65DCA1CD1C4AB73400979B90 /* Release */ = {
			isa = XCBuildConfiguration;
			buildSettings = {
				ASSETCATALOG_COMPILER_APPICON_NAME = AppIcon;
				INFOPLIST_FILE = PPParticleButtonExample/Info.plist;
				IPHONEOS_DEPLOYMENT_TARGET = 8.0;
				LD_RUNPATH_SEARCH_PATHS = "$(inherited) @executable_path/Frameworks";
				PRODUCT_BUNDLE_IDENTIFIER = com.HikaruSato.example.PPParticleButtonExample;
				PRODUCT_NAME = "$(TARGET_NAME)";
			};
			name = Release;
		};
/* End XCBuildConfiguration section */

/* Begin XCConfigurationList section */
		65DCA1B41C4AB73400979B90 /* Build configuration list for PBXProject "PPParticleButtonExample" */ = {
			isa = XCConfigurationList;
			buildConfigurations = (
				65DCA1C91C4AB73400979B90 /* Debug */,
				65DCA1CA1C4AB73400979B90 /* Release */,
			);
			defaultConfigurationIsVisible = 0;
			defaultConfigurationName = Release;
		};
		65DCA1CB1C4AB73400979B90 /* Build configuration list for PBXNativeTarget "PPParticleButtonExample" */ = {
			isa = XCConfigurationList;
			buildConfigurations = (
				65DCA1CC1C4AB73400979B90 /* Debug */,
				65DCA1CD1C4AB73400979B90 /* Release */,
			);
			defaultConfigurationIsVisible = 0;
			defaultConfigurationName = Release;
		};
/* End XCConfigurationList section */
	};
	rootObject = 65DCA1B11C4AB73400979B90 /* Project object */;
}
